{
  "name": "@firstclasspostcodes/geohash",
  "version": "1.0.0",
  "lockfileVersion": 1,
  "requires": true,
  "dependencies": {
    "decimal.js": {
      "version": "6.0.0",
      "resolved": "https://registry.npmjs.org/decimal.js/-/decimal.js-6.0.0.tgz",
      "integrity": "sha1-T9WNBjfzb9vBq6EyC8Pyzug8oPI="
    },
    "long": {
      "version": "3.2.0",
      "resolved": "https://registry.npmjs.org/long/-/long-3.2.0.tgz",
      "integrity": "sha1-2CG3E4yhy1gcFymQ7xTbIAtcR0s="
    },
    "nodes2ts": {
      "version": "1.1.10",
      "resolved": "https://registry.npmjs.org/nodes2ts/-/nodes2ts-1.1.10.tgz",
      "integrity": "sha1-eCjhNDyn1B0WWNgzUkUnQKKcJ3M=",
      "requires": {
        "decimal.js": "^6.0.0",
        "long": "^3.2.0"
      }
    }
  }
}
